{
  "requires": true,
  "lockfileVersion": 1,
  "dependencies": {
    "ansi-red": {
      "version": "https://registry.npmjs.org/ansi-red/-/ansi-red-0.1.1.tgz",
      "integrity": "sha1-jGOPnRCAgAo1PJwoyKgcpHBdlGw=",
      "dev": true,
      "requires": {
        "ansi-wrap": "https://registry.npmjs.org/ansi-wrap/-/ansi-wrap-0.1.0.tgz"
      }
    },
    "ansi-wrap": {
      "version": "https://registry.npmjs.org/ansi-wrap/-/ansi-wrap-0.1.0.tgz",
      "integrity": "sha1-qCJQ3bABXponyoLoLqYDu/pF768=",
      "dev": true
    },
    "argparse": {
      "version": "https://registry.npmjs.org/argparse/-/argparse-1.0.9.tgz",
      "integrity": "sha1-c9g7wmP4bpf4zE9rrhsOkKfSLIY=",
      "dev": true,
      "requires": {
        "sprintf-js": "https://registry.npmjs.org/sprintf-js/-/sprintf-js-1.0.3.tgz"
      }
    },
    "autolinker": {
      "version": "https://registry.npmjs.org/autolinker/-/autolinker-0.15.3.tgz",
      "integrity": "sha1-NCQX2PLzRhsUzwkIjV7fh5HcmDI=",
      "dev": true
    },
    "buffer-shims": {
      "version": "https://registry.npmjs.org/buffer-shims/-/buffer-shims-1.0.0.tgz",
      "integrity": "sha1-mXjOMXOIxkmth5MCjDR37wRKi1E=",
      "dev": true
    },
    "concat-stream": {
      "version": "https://registry.npmjs.org/concat-stream/-/concat-stream-1.6.0.tgz",
      "integrity": "sha1-CqxmL9Ur54lk1VMvaUeE5wEQrPc=",
      "dev": true,
      "requires": {
        "inherits": "https://registry.npmjs.org/inherits/-/inherits-2.0.3.tgz",
        "readable-stream": "https://registry.npmjs.org/readable-stream/-/readable-stream-2.2.2.tgz",
        "typedarray": "https://registry.npmjs.org/typedarray/-/typedarray-0.0.6.tgz"
      }
    },
    "core-util-is": {
      "version": "https://registry.npmjs.org/core-util-is/-/core-util-is-1.0.2.tgz",
      "integrity": "sha1-tf1UIgqivFq1eqtxQMlAdUUDwac=",
      "dev": true
    },
    "diacritics-map": {
      "version": "https://registry.npmjs.org/diacritics-map/-/diacritics-map-0.1.0.tgz",
      "integrity": "sha1-bfwP+dAQAKLt8oZTccrDFulJd68=",
      "dev": true
    },
    "esprima": {
      "version": "https://registry.npmjs.org/esprima/-/esprima-2.7.3.tgz",
      "integrity": "sha1-luO3DVd59q1JzQMmc9HDEnZ7pYE=",
      "dev": true
    },
    "expand-range": {
      "version": "https://registry.npmjs.org/expand-range/-/expand-range-1.8.2.tgz",
      "integrity": "sha1-opnv/TNf4nIeuujiV+x5ZE/IUzc=",
      "dev": true,
      "requires": {
        "fill-range": "https://registry.npmjs.org/fill-range/-/fill-range-2.2.3.tgz"
      }
    },
    "extend-shallow": {
      "version": "https://registry.npmjs.org/extend-shallow/-/extend-shallow-2.0.1.tgz",
      "integrity": "sha1-Ua99YUrZqfYQ6huvu5idaxxWiQ8=",
      "dev": true,
      "requires": {
        "is-extendable": "https://registry.npmjs.org/is-extendable/-/is-extendable-0.1.1.tgz"
      }
    },
    "fill-range": {
      "version": "https://registry.npmjs.org/fill-range/-/fill-range-2.2.3.tgz",
      "integrity": "sha1-ULd9/X5Gm8dJJHCWNpn+eoSFpyM=",
      "dev": true,
      "requires": {
        "is-number": "https://registry.npmjs.org/is-number/-/is-number-2.1.0.tgz",
        "isobject": "https://registry.npmjs.org/isobject/-/isobject-2.1.0.tgz",
        "randomatic": "https://registry.npmjs.org/randomatic/-/randomatic-1.1.6.tgz",
        "repeat-element": "https://registry.npmjs.org/repeat-element/-/repeat-element-1.1.2.tgz",
        "repeat-string": "https://registry.npmjs.org/repeat-string/-/repeat-string-1.6.1.tgz"
      }
    },
    "for-in": {
      "version": "https://registry.npmjs.org/for-in/-/for-in-0.1.6.tgz",
      "integrity": "sha1-yfluib+tGKVFr17D7TUqHZ5bTcg=",
      "dev": true
    },
    "gray-matter": {
      "version": "https://registry.npmjs.org/gray-matter/-/gray-matter-2.1.0.tgz",
      "integrity": "sha1-3xTCh5OpIZcgSCw5ltEvVIIA/3U=",
      "dev": true,
      "requires": {
        "ansi-red": "https://registry.npmjs.org/ansi-red/-/ansi-red-0.1.1.tgz",
        "extend-shallow": "https://registry.npmjs.org/extend-shallow/-/extend-shallow-2.0.1.tgz",
        "js-yaml": "https://registry.npmjs.org/js-yaml/-/js-yaml-3.7.0.tgz"
      }
    },
    "inherits": {
      "version": "https://registry.npmjs.org/inherits/-/inherits-2.0.3.tgz",
      "integrity": "sha1-Yzwsg+PaQqUC9SRmAiSA9CCCYd4=",
      "dev": true
    },
    "is-buffer": {
      "version": "https://registry.npmjs.org/is-buffer/-/is-buffer-1.1.4.tgz",
      "integrity": "sha1-z8hszV3FpS+oBIkRHGkgxFfi2Ys=",
      "dev": true
    },
    "is-extendable": {
      "version": "https://registry.npmjs.org/is-extendable/-/is-extendable-0.1.1.tgz",
      "integrity": "sha1-YrEQ4omkcUGOPsNqYX1HLjAd/Ik=",
      "dev": true
    },
    "is-number": {
      "version": "https://registry.npmjs.org/is-number/-/is-number-2.1.0.tgz",
      "integrity": "sha1-Afy7s5NGOlSPL0ZszhbezknbkI8=",
      "dev": true,
      "requires": {
        "kind-of": "https://registry.npmjs.org/kind-of/-/kind-of-3.1.0.tgz"
      }
    },
    "isarray": {
      "version": "https://registry.npmjs.org/isarray/-/isarray-1.0.0.tgz",
      "integrity": "sha1-u5NdSFgsuhaMBoNJV6VKPgcSTxE=",
      "dev": true
    },
    "isobject": {
      "version": "https://registry.npmjs.org/isobject/-/isobject-2.1.0.tgz",
      "integrity": "sha1-8GVWEJaj8dou9GJy+BXIQNh+DIk=",
      "dev": true,
      "requires": {
        "isarray": "https://registry.npmjs.org/isarray/-/isarray-1.0.0.tgz"
      }
    },
    "js-yaml": {
      "version": "https://registry.npmjs.org/js-yaml/-/js-yaml-3.7.0.tgz",
      "integrity": "sha1-XJZ93YN6m/3KXy3oQlOr6KHAO4A=",
      "dev": true,
      "requires": {
        "argparse": "https://registry.npmjs.org/argparse/-/argparse-1.0.9.tgz",
        "esprima": "https://registry.npmjs.org/esprima/-/esprima-2.7.3.tgz"
      }
    },
    "kind-of": {
      "version": "https://registry.npmjs.org/kind-of/-/kind-of-3.1.0.tgz",
      "integrity": "sha1-R11pil5J/15T0U4+cyQp3Iv0z0c=",
      "dev": true,
      "requires": {
        "is-buffer": "https://registry.npmjs.org/is-buffer/-/is-buffer-1.1.4.tgz"
      }
    },
    "lazy-cache": {
      "version": "https://registry.npmjs.org/lazy-cache/-/lazy-cache-2.0.2.tgz",
      "integrity": "sha1-uRkKT5EzVGlIQIWfio9whNiCImQ=",
      "dev": true,
      "requires": {
        "set-getter": "https://registry.npmjs.org/set-getter/-/set-getter-0.1.0.tgz"
      }
    },
    "list-item": {
      "version": "https://registry.npmjs.org/list-item/-/list-item-1.1.1.tgz",
      "integrity": "sha1-DGXQDih8tmPMs8s4Sad+iewmilY=",
      "dev": true,
      "requires": {
        "expand-range": "https://registry.npmjs.org/expand-range/-/expand-range-1.8.2.tgz",
        "extend-shallow": "https://registry.npmjs.org/extend-shallow/-/extend-shallow-2.0.1.tgz",
        "is-number": "https://registry.npmjs.org/is-number/-/is-number-2.1.0.tgz",
        "repeat-string": "https://registry.npmjs.org/repeat-string/-/repeat-string-1.6.1.tgz"
      }
    },
    "markdown-link": {
      "version": "https://registry.npmjs.org/markdown-link/-/markdown-link-0.1.1.tgz",
      "integrity": "sha1-MsXGUZmmRXMWMi0eQinRNAfIx88=",
      "dev": true
    },
    "markdown-toc": {
      "version": "https://registry.npmjs.org/markdown-toc/-/markdown-toc-1.1.0.tgz",
      "integrity": "sha1-GORyN9iVSelEcSHmniyoU8otdSo=",
      "dev": true,
      "requires": {
        "concat-stream": "https://registry.npmjs.org/concat-stream/-/concat-stream-1.6.0.tgz",
        "diacritics-map": "https://registry.npmjs.org/diacritics-map/-/diacritics-map-0.1.0.tgz",
        "gray-matter": "https://registry.npmjs.org/gray-matter/-/gray-matter-2.1.0.tgz",
        "lazy-cache": "https://registry.npmjs.org/lazy-cache/-/lazy-cache-2.0.2.tgz",
        "list-item": "https://registry.npmjs.org/list-item/-/list-item-1.1.1.tgz",
        "markdown-link": "https://registry.npmjs.org/markdown-link/-/markdown-link-0.1.1.tgz",
        "minimist": "https://registry.npmjs.org/minimist/-/minimist-1.2.0.tgz",
        "mixin-deep": "https://registry.npmjs.org/mixin-deep/-/mixin-deep-1.1.3.tgz",
        "object.pick": "https://registry.npmjs.org/object.pick/-/object.pick-1.2.0.tgz",
        "remarkable": "https://registry.npmjs.org/remarkable/-/remarkable-1.7.1.tgz",
        "repeat-string": "https://registry.npmjs.org/repeat-string/-/repeat-string-1.6.1.tgz",
        "strip-color": "https://registry.npmjs.org/strip-color/-/strip-color-0.1.0.tgz"
      }
    },
    "mime-db": {
      "version": "1.29.0",
      "resolved": "https://registry.npmjs.org/mime-db/-/mime-db-1.29.0.tgz",
      "integrity": "sha1-SNJtI1WJZRcErFkWygYAGRQmaHg="
    },
    "minimist": {
      "version": "https://registry.npmjs.org/minimist/-/minimist-1.2.0.tgz",
      "integrity": "sha1-o1AIsg9BOD7sH7kU9M1d95omQoQ=",
      "dev": true
    },
    "mixin-deep": {
      "version": "https://registry.npmjs.org/mixin-deep/-/mixin-deep-1.1.3.tgz",
      "integrity": "sha1-uUyjdty4hJtKIKCts6S3y9hd27U=",
      "dev": true,
      "requires": {
        "for-in": "https://registry.npmjs.org/for-in/-/for-in-0.1.6.tgz",
        "is-extendable": "https://registry.npmjs.org/is-extendable/-/is-extendable-0.1.1.tgz"
      }
    },
    "object.pick": {
      "version": "https://registry.npmjs.org/object.pick/-/object.pick-1.2.0.tgz",
      "integrity": "sha1-tTkr7peC2m2ft9avr1OXefEjTCs=",
      "dev": true,
      "requires": {
        "isobject": "https://registry.npmjs.org/isobject/-/isobject-2.1.0.tgz"
      }
    },
    "process-nextick-args": {
      "version": "https://registry.npmjs.org/process-nextick-args/-/process-nextick-args-1.0.7.tgz",
      "integrity": "sha1-FQ4gt1ZZCtP5EJPyWk8q2L/zC6M=",
      "dev": true
    },
    "randomatic": {
      "version": "https://registry.npmjs.org/randomatic/-/randomatic-1.1.6.tgz",
      "integrity": "sha1-EQ3Kv/OX6dz/fAeJzMCkmt8exbs=",
      "dev": true,
      "requires": {
        "is-number": "https://registry.npmjs.org/is-number/-/is-number-2.1.0.tgz",
        "kind-of": "https://registry.npmjs.org/kind-of/-/kind-of-3.1.0.tgz"
      }
    },
    "readable-stream": {
      "version": "https://registry.npmjs.org/readable-stream/-/readable-stream-2.2.2.tgz",
      "integrity": "sha1-qeb+w8fdqF+LsbO6cChgRVb8gl4=",
      "dev": true,
      "requires": {
        "buffer-shims": "https://registry.npmjs.org/buffer-shims/-/buffer-shims-1.0.0.tgz",
        "core-util-is": "https://registry.npmjs.org/core-util-is/-/core-util-is-1.0.2.tgz",
        "inherits": "https://registry.npmjs.org/inherits/-/inherits-2.0.3.tgz",
        "isarray": "https://registry.npmjs.org/isarray/-/isarray-1.0.0.tgz",
        "process-nextick-args": "https://registry.npmjs.org/process-nextick-args/-/process-nextick-args-1.0.7.tgz",
        "string_decoder": "https://registry.npmjs.org/string_decoder/-/string_decoder-0.10.31.tgz",
        "util-deprecate": "https://registry.npmjs.org/util-deprecate/-/util-deprecate-1.0.2.tgz"
      }
    },
    "remarkable": {
      "version": "https://registry.npmjs.org/remarkable/-/remarkable-1.7.1.tgz",
      "integrity": "sha1-qspJchALZqZCpjoQIcpLrBvjv/Y=",
      "dev": true,
      "requires": {
        "argparse": "https://registry.npmjs.org/argparse/-/argparse-0.1.16.tgz",
        "autolinker": "https://registry.npmjs.org/autolinker/-/autolinker-0.15.3.tgz"
      },
      "dependencies": {
        "argparse": {
          "version": "https://registry.npmjs.org/argparse/-/argparse-0.1.16.tgz",
          "integrity": "sha1-z9AeD7uj1srtBJ+9dY1A9lGW9Xw=",
          "dev": true,
          "requires": {
            "underscore": "https://registry.npmjs.org/underscore/-/underscore-1.7.0.tgz",
            "underscore.string": "https://registry.npmjs.org/underscore.string/-/underscore.string-2.4.0.tgz"
          }
        }
      }
    },
    "repeat-element": {
      "version": "https://registry.npmjs.org/repeat-element/-/repeat-element-1.1.2.tgz",
      "integrity": "sha1-7wiaF40Ug7quTZPrmLT55OEdmQo=",
      "dev": true
    },
    "repeat-string": {
      "version": "https://registry.npmjs.org/repeat-string/-/repeat-string-1.6.1.tgz",
      "integrity": "sha1-jcrkcOHIirwtYA//Sndihtp15jc=",
      "dev": true
    },
    "set-getter": {
      "version": "https://registry.npmjs.org/set-getter/-/set-getter-0.1.0.tgz",
      "integrity": "sha1-12nBgsnVpR9AkUXy+6guXoboA3Y=",
      "dev": true,
      "requires": {
        "to-object-path": "https://registry.npmjs.org/to-object-path/-/to-object-path-0.3.0.tgz"
      }
    },
    "sprintf-js": {
      "version": "https://registry.npmjs.org/sprintf-js/-/sprintf-js-1.0.3.tgz",
      "integrity": "sha1-BOaSb2YolTVPPdAVIDYzuFcpfiw=",
      "dev": true
    },
    "string_decoder": {
      "version": "https://registry.npmjs.org/string_decoder/-/string_decoder-0.10.31.tgz",
      "integrity": "sha1-YuIDvEF2bGwoyfyEMB2rHFMQ+pQ=",
      "dev": true
    },
    "strip-color": {
      "version": "https://registry.npmjs.org/strip-color/-/strip-color-0.1.0.tgz",
      "integrity": "sha1-EG9l09PmotlAHKwOsM6LinArT3s=",
      "dev": true
    },
    "to-object-path": {
      "version": "https://registry.npmjs.org/to-object-path/-/to-object-path-0.3.0.tgz",
      "integrity": "sha1-KXWIt7Dn4KwI4E5nL4XB9JmeF68=",
      "dev": true,
      "requires": {
        "kind-of": "https://registry.npmjs.org/kind-of/-/kind-of-3.1.0.tgz"
      }
    },
    "typedarray": {
      "version": "https://registry.npmjs.org/typedarray/-/typedarray-0.0.6.tgz",
      "integrity": "sha1-hnrHTjhkGHsdPUfZlqeOxciDB3c=",
      "dev": true
    },
    "underscore": {
      "version": "https://registry.npmjs.org/underscore/-/underscore-1.7.0.tgz",
      "integrity": "sha1-a7rwh3UA02vjTsqlhODbn+8DUgk=",
      "dev": true
    },
    "underscore.string": {
      "version": "https://registry.npmjs.org/underscore.string/-/underscore.string-2.4.0.tgz",
      "integrity": "sha1-jN2PusTi0uoefi6Al8QvRCKA+Fs=",
      "dev": true
    },
    "util-deprecate": {
      "version": "https://registry.npmjs.org/util-deprecate/-/util-deprecate-1.0.2.tgz",
      "integrity": "sha1-RQ1Nyfpw3nMnYvvS1KKJgUGaDM8=",
      "dev": true
    }
  }
}
